
Microsoft Visual Studio Solution File, Format Version 12.00
# Visual Studio Version 17
VisualStudioVersion = 17.0.31903.59
MinimumVisualStudioVersion = 10.0.40219.1
Project("{2150E333-8FDC-42A3-9474-1A3956D46DE8}") = "src", "src", "{F459C780-BA29-44E9-9726-588627BD3E99}"
EndProject
Project("{FAE04EC0-301F-11D3-BF4B-00C04F79EFBC}") = "FC.Codeflix.Catalog.Application", "src\FC.Codeflix.Catalog.Application\FC.Codeflix.Catalog.Application.csproj", "{90EDD7B0-7699-4B6B-B46D-9F3456255C6E}"
EndProject
Project("{FAE04EC0-301F-11D3-BF4B-00C04F79EFBC}") = "FC.Codeflix.Catalog.Domain", "src\FC.Codeflix.Catalog.Domain\FC.Codeflix.Catalog.Domain.csproj", "{31394E09-2668-4FAC-88D8-B16746BA7510}"
EndProject
Project("{2150E333-8FDC-42A3-9474-1A3956D46DE8}") = "tests", "tests", "{18F6C7F2-2C5E-4D88-A82C-F52D6722637D}"
EndProject
Project("{FAE04EC0-301F-11D3-BF4B-00C04F79EFBC}") = "FC.Codeflix.Catalog.UnitTests", "tests\FC.Codeflix.Catalog.UnitTests\FC.Codeflix.Catalog.UnitTests.csproj", "{5815F3E7-A4F0-465C-A60D-4E304E597897}"
EndProject
Global
	GlobalSection(SolutionConfigurationPlatforms) = preSolution
		Debug|Any CPU = Debug|Any CPU
		Release|Any CPU = Release|Any CPU
	EndGlobalSection
	GlobalSection(SolutionProperties) = preSolution
		HideSolutionNode = FALSE
	EndGlobalSection
	GlobalSection(ProjectConfigurationPlatforms) = postSolution
		{90EDD7B0-7699-4B6B-B46D-9F3456255C6E}.Debug|Any CPU.ActiveCfg = Debug|Any CPU
		{90EDD7B0-7699-4B6B-B46D-9F3456255C6E}.Debug|Any CPU.Build.0 = Debug|Any CPU
		{90EDD7B0-7699-4B6B-B46D-9F3456255C6E}.Release|Any CPU.ActiveCfg = Release|Any CPU
		{90EDD7B0-7699-4B6B-B46D-9F3456255C6E}.Release|Any CPU.Build.0 = Release|Any CPU
		{31394E09-2668-4FAC-88D8-B16746BA7510}.Debug|Any CPU.ActiveCfg = Debug|Any CPU
		{31394E09-2668-4FAC-88D8-B16746BA7510}.Debug|Any CPU.Build.0 = Debug|Any CPU
		{31394E09-2668-4FAC-88D8-B16746BA7510}.Release|Any CPU.ActiveCfg = Release|Any CPU
		{31394E09-2668-4FAC-88D8-B16746BA7510}.Release|Any CPU.Build.0 = Release|Any CPU
		{5815F3E7-A4F0-465C-A60D-4E304E597897}.Debug|Any CPU.ActiveCfg = Debug|Any CPU
		{5815F3E7-A4F0-465C-A60D-4E304E597897}.Debug|Any CPU.Build.0 = Debug|Any CPU
		{5815F3E7-A4F0-465C-A60D-4E304E597897}.Release|Any CPU.ActiveCfg = Release|Any CPU
		{5815F3E7-A4F0-465C-A60D-4E304E597897}.Release|Any CPU.Build.0 = Release|Any CPU
	EndGlobalSection
	GlobalSection(NestedProjects) = preSolution
		{90EDD7B0-7699-4B6B-B46D-9F3456255C6E} = {F459C780-BA29-44E9-9726-588627BD3E99}
		{31394E09-2668-4FAC-88D8-B16746BA7510} = {F459C780-BA29-44E9-9726-588627BD3E99}
		{5815F3E7-A4F0-465C-A60D-4E304E597897} = {18F6C7F2-2C5E-4D88-A82C-F52D6722637D}
	EndGlobalSection
EndGlobal
